
Microsoft Visual Studio Solution File, Format Version 12.00
# Visual Studio Version 17
VisualStudioVersion = 17.1.32210.238
MinimumVisualStudioVersion = 10.0.40219.1
Project("{FAE04EC0-301F-11D3-BF4B-00C04F79EFBC}") = "AeroTestStream", "AeroTestStream\AeroTestStream.csproj", "{BF460169-3797-49FB-87C2-7EAB2432C42B}"
EndProject
Global
	GlobalSection(SolutionConfigurationPlatforms) = preSolution
		Debug|Any CPU = Debug|Any CPU
		Release|Any CPU = Release|Any CPU
	EndGlobalSection
	GlobalSection(ProjectConfigurationPlatforms) = postSolution
		{BF460169-3797-49FB-87C2-7EAB2432C42B}.Debug|Any CPU.ActiveCfg = Debug|Any CPU
		{BF460169-3797-49FB-87C2-7EAB2432C42B}.Debug|Any CPU.Build.0 = Debug|Any CPU
		{BF460169-3797-49FB-87C2-7EAB2432C42B}.Release|Any CPU.ActiveCfg = Release|Any CPU
		{BF460169-3797-49FB-87C2-7EAB2432C42B}.Release|Any CPU.Build.0 = Release|Any CPU
	EndGlobalSection
	GlobalSection(SolutionProperties) = preSolution
		HideSolutionNode = FALSE
	EndGlobalSection
	GlobalSection(ExtensibilityGlobals) = postSolution
		SolutionGuid = {C38E00C9-7780-4B4C-A30F-6CAE6BB2CD45}
	EndGlobalSection
EndGlobal
